
Microsoft Visual Studio Solution File, Format Version 12.00
# Visual Studio 15
VisualStudioVersion = 15.0.28307.852
MinimumVisualStudioVersion = 10.0.40219.1
Project("{FAE04EC0-301F-11D3-BF4B-00C04F79EFBC}") = "AzurePipelinewebapp", "AzurePipelinewebapp\AzurePipelinewebapp.csproj", "{6914462B-3A97-43FB-B098-173DC1F04387}"
EndProject
Global
	GlobalSection(SolutionConfigurationPlatforms) = preSolution
		Debug|Any CPU = Debug|Any CPU
		Release|Any CPU = Release|Any CPU
	EndGlobalSection
	GlobalSection(ProjectConfigurationPlatforms) = postSolution
		{6914462B-3A97-43FB-B098-173DC1F04387}.Debug|Any CPU.ActiveCfg = Debug|Any CPU
		{6914462B-3A97-43FB-B098-173DC1F04387}.Debug|Any CPU.Build.0 = Debug|Any CPU
		{6914462B-3A97-43FB-B098-173DC1F04387}.Release|Any CPU.ActiveCfg = Release|Any CPU
		{6914462B-3A97-43FB-B098-173DC1F04387}.Release|Any CPU.Build.0 = Release|Any CPU
	EndGlobalSection
	GlobalSection(SolutionProperties) = preSolution
		HideSolutionNode = FALSE
	EndGlobalSection
	GlobalSection(ExtensibilityGlobals) = postSolution
		SolutionGuid = {828A9BC9-F6F7-447E-81D9-59C61EEBB8FC}
	EndGlobalSection
EndGlobal
